
Microsoft Visual Studio Solution File, Format Version 12.00
# Visual Studio Version 17
VisualStudioVersion = 17.8.34525.116
MinimumVisualStudioVersion = 10.0.40219.1
Project("{FAE04EC0-301F-11D3-BF4B-00C04F79EFBC}") = "SiegeOfTheFortress", "SiegeOfTheFortress\SiegeOfTheFortress.csproj", "{2C26E3F3-F138-4E0C-82AC-0336F29F4AF6}"
EndProject
Global
	GlobalSection(SolutionConfigurationPlatforms) = preSolution
		Debug|Any CPU = Debug|Any CPU
		Release|Any CPU = Release|Any CPU
	EndGlobalSection
	GlobalSection(ProjectConfigurationPlatforms) = postSolution
		{2C26E3F3-F138-4E0C-82AC-0336F29F4AF6}.Debug|Any CPU.ActiveCfg = Debug|Any CPU
		{2C26E3F3-F138-4E0C-82AC-0336F29F4AF6}.Debug|Any CPU.Build.0 = Debug|Any CPU
		{2C26E3F3-F138-4E0C-82AC-0336F29F4AF6}.Release|Any CPU.ActiveCfg = Release|Any CPU
		{2C26E3F3-F138-4E0C-82AC-0336F29F4AF6}.Release|Any CPU.Build.0 = Release|Any CPU
	EndGlobalSection
	GlobalSection(SolutionProperties) = preSolution
		HideSolutionNode = FALSE
	EndGlobalSection
	GlobalSection(ExtensibilityGlobals) = postSolution
		SolutionGuid = {AF6F111B-816F-434E-9BD2-6531E983AF15}
	EndGlobalSection
EndGlobal
